
Microsoft Visual Studio Solution File, Format Version 12.00
# Visual Studio 2012
Project("{FAE04EC0-301F-11D3-BF4B-00C04F79EFBC}") = "SmplDotNet", "SmplDotNet\SmplDotNet.csproj", "{C1BA3888-CB24-49AF-82E1-549289B62194}"
EndProject
Project("{FAE04EC0-301F-11D3-BF4B-00C04F79EFBC}") = "SmplSample", "SmplSample\SmplSample.csproj", "{99725333-8F5A-43AD-940E-CA1E765DF842}"
EndProject
Project("{FAE04EC0-301F-11D3-BF4B-00C04F79EFBC}") = "MachingShop", "MachingShop\MachingShop.csproj", "{7FE896F0-0B7C-4378-B4F1-893E2A3F31A8}"
EndProject
Project("{FAE04EC0-301F-11D3-BF4B-00C04F79EFBC}") = "MachingShopWpf", "MachingShopWpf\MachingShopWpf.csproj", "{93422CEB-5AB0-49A4-9AEA-728C85A2A0E6}"
EndProject
Global
	GlobalSection(SolutionConfigurationPlatforms) = preSolution
		Debug|Any CPU = Debug|Any CPU
		Release|Any CPU = Release|Any CPU
	EndGlobalSection
	GlobalSection(ProjectConfigurationPlatforms) = postSolution
		{C1BA3888-CB24-49AF-82E1-549289B62194}.Debug|Any CPU.ActiveCfg = Debug|Any CPU
		{C1BA3888-CB24-49AF-82E1-549289B62194}.Debug|Any CPU.Build.0 = Debug|Any CPU
		{C1BA3888-CB24-49AF-82E1-549289B62194}.Release|Any CPU.ActiveCfg = Release|Any CPU
		{C1BA3888-CB24-49AF-82E1-549289B62194}.Release|Any CPU.Build.0 = Release|Any CPU
		{99725333-8F5A-43AD-940E-CA1E765DF842}.Debug|Any CPU.ActiveCfg = Debug|Any CPU
		{99725333-8F5A-43AD-940E-CA1E765DF842}.Debug|Any CPU.Build.0 = Debug|Any CPU
		{99725333-8F5A-43AD-940E-CA1E765DF842}.Release|Any CPU.ActiveCfg = Release|Any CPU
		{99725333-8F5A-43AD-940E-CA1E765DF842}.Release|Any CPU.Build.0 = Release|Any CPU
		{7FE896F0-0B7C-4378-B4F1-893E2A3F31A8}.Debug|Any CPU.ActiveCfg = Debug|Any CPU
		{7FE896F0-0B7C-4378-B4F1-893E2A3F31A8}.Debug|Any CPU.Build.0 = Debug|Any CPU
		{7FE896F0-0B7C-4378-B4F1-893E2A3F31A8}.Release|Any CPU.ActiveCfg = Release|Any CPU
		{7FE896F0-0B7C-4378-B4F1-893E2A3F31A8}.Release|Any CPU.Build.0 = Release|Any CPU
		{93422CEB-5AB0-49A4-9AEA-728C85A2A0E6}.Debug|Any CPU.ActiveCfg = Debug|Any CPU
		{93422CEB-5AB0-49A4-9AEA-728C85A2A0E6}.Debug|Any CPU.Build.0 = Debug|Any CPU
		{93422CEB-5AB0-49A4-9AEA-728C85A2A0E6}.Release|Any CPU.ActiveCfg = Release|Any CPU
		{93422CEB-5AB0-49A4-9AEA-728C85A2A0E6}.Release|Any CPU.Build.0 = Release|Any CPU
	EndGlobalSection
	GlobalSection(SolutionProperties) = preSolution
		HideSolutionNode = FALSE
	EndGlobalSection
EndGlobal
